// !$*UTF8*$!
{
	archiveVersion = 1;
	classes = {
	};
	objectVersion = 46;
	objects = {

/* Begin PBXBuildFile section */
		500C022219B169EC0069DCFD /* Foundation.framework in Frameworks */ = {isa = PBXBuildFile; fileRef = 500C022119B169EC0069DCFD /* Foundation.framework */; };
		500C022419B169EC0069DCFD /* CoreGraphics.framework in Frameworks */ = {isa = PBXBuildFile; fileRef = 500C022319B169EC0069DCFD /* CoreGraphics.framework */; };
		500C022619B169EC0069DCFD /* UIKit.framework in Frameworks */ = {isa = PBXBuildFile; fileRef = 500C022519B169EC0069DCFD /* UIKit.framework */; };
		500C022C19B169EC0069DCFD /* InfoPlist.strings in Resources */ = {isa = PBXBuildFile; fileRef = 500C022A19B169EC0069DCFD /* InfoPlist.strings */; };
		500C022E19B169EC0069DCFD /* main.m in Sources */ = {isa = PBXBuildFile; fileRef = 500C022D19B169EC0069DCFD /* main.m */; };
		500C023219B169EC0069DCFD /* TNAppDelegate.m in Sources */ = {isa = PBXBuildFile; fileRef = 500C023119B169EC0069DCFD /* TNAppDelegate.m */; };
		500C023419B169EC0069DCFD /* Images.xcassets in Resources */ = {isa = PBXBuildFile; fileRef = 500C023319B169EC0069DCFD /* Images.xcassets */; };
		500C023B19B169ED0069DCFD /* XCTest.framework in Frameworks */ = {isa = PBXBuildFile; fileRef = 500C023A19B169ED0069DCFD /* XCTest.framework */; };
		500C023C19B169ED0069DCFD /* Foundation.framework in Frameworks */ = {isa = PBXBuildFile; fileRef = 500C022119B169EC0069DCFD /* Foundation.framework */; };
		500C023D19B169ED0069DCFD /* UIKit.framework in Frameworks */ = {isa = PBXBuildFile; fileRef = 500C022519B169EC0069DCFD /* UIKit.framework */; };
		500C024519B169ED0069DCFD /* InfoPlist.strings in Resources */ = {isa = PBXBuildFile; fileRef = 500C024319B169ED0069DCFD /* InfoPlist.strings */; };
		500C024719B169ED0069DCFD /* TravelNowTests.m in Sources */ = {isa = PBXBuildFile; fileRef = 500C024619B169ED0069DCFD /* TravelNowTests.m */; };
/* End PBXBuildFile section */

/* Begin PBXContainerItemProxy section */
		500C023E19B169ED0069DCFD /* PBXContainerItemProxy */ = {
			isa = PBXContainerItemProxy;
			containerPortal = 500C021619B169EC0069DCFD /* Project object */;
			proxyType = 1;
			remoteGlobalIDString = 500C021D19B169EC0069DCFD;
			remoteInfo = TravelNow;
		};
/* End PBXContainerItemProxy section */

/* Begin PBXFileReference section */
		500C021E19B169EC0069DCFD /* TravelNow.app */ = {isa = PBXFileReference; explicitFileType = wrapper.application; includeInIndex = 0; path = TravelNow.app; sourceTree = BUILT_PRODUCTS_DIR; };
		500C022119B169EC0069DCFD /* Foundation.framework */ = {isa = PBXFileReference; lastKnownFileType = wrapper.framework; name = Foundation.framework; path = System/Library/Frameworks/Foundation.framework; sourceTree = SDKROOT; };
		500C022319B169EC0069DCFD /* CoreGraphics.framework */ = {isa = PBXFileReference; lastKnownFileType = wrapper.framework; name = CoreGraphics.framework; path = System/Library/Frameworks/CoreGraphics.framework; sourceTree = SDKROOT; };
		500C022519B169EC0069DCFD /* UIKit.framework */ = {isa = PBXFileReference; lastKnownFileType = wrapper.framework; name = UIKit.framework; path = System/Library/Frameworks/UIKit.framework; sourceTree = SDKROOT; };
		500C022919B169EC0069DCFD /* TravelNow-Info.plist */ = {isa = PBXFileReference; lastKnownFileType = text.plist.xml; path = "TravelNow-Info.plist"; sourceTree = "<group>"; };
		500C022B19B169EC0069DCFD /* en */ = {isa = PBXFileReference; lastKnownFileType = text.plist.strings; name = en; path = en.lproj/InfoPlist.strings; sourceTree = "<group>"; };
		500C022D19B169EC0069DCFD /* main.m */ = {isa = PBXFileReference; lastKnownFileType = sourcecode.c.objc; path = main.m; sourceTree = "<group>"; };
		500C022F19B169EC0069DCFD /* TravelNow-Prefix.pch */ = {isa = PBXFileReference; lastKnownFileType = sourcecode.c.h; path = "TravelNow-Prefix.pch"; sourceTree = "<group>"; };
		500C023019B169EC0069DCFD /* TNAppDelegate.h */ = {isa = PBXFileReference; lastKnownFileType = sourcecode.c.h; path = TNAppDelegate.h; sourceTree = "<group>"; };
		500C023119B169EC0069DCFD /* TNAppDelegate.m */ = {isa = PBXFileReference; lastKnownFileType = sourcecode.c.objc; path = TNAppDelegate.m; sourceTree = "<group>"; };
		500C023319B169EC0069DCFD /* Images.xcassets */ = {isa = PBXFileReference; lastKnownFileType = folder.assetcatalog; path = Images.xcassets; sourceTree = "<group>"; };
		500C023919B169ED0069DCFD /* TravelNowTests.xctest */ = {isa = PBXFileReference; explicitFileType = wrapper.cfbundle; includeInIndex = 0; path = TravelNowTests.xctest; sourceTree = BUILT_PRODUCTS_DIR; };
		500C023A19B169ED0069DCFD /* XCTest.framework */ = {isa = PBXFileReference; lastKnownFileType = wrapper.framework; name = XCTest.framework; path = Library/Frameworks/XCTest.framework; sourceTree = DEVELOPER_DIR; };
		500C024219B169ED0069DCFD /* TravelNowTests-Info.plist */ = {isa = PBXFileReference; lastKnownFileType = text.plist.xml; path = "TravelNowTests-Info.plist"; sourceTree = "<group>"; };
		500C024419B169ED0069DCFD /* en */ = {isa = PBXFileReference; lastKnownFileType = text.plist.strings; name = en; path = en.lproj/InfoPlist.strings; sourceTree = "<group>"; };
		500C024619B169ED0069DCFD /* TravelNowTests.m */ = {isa = PBXFileReference; lastKnownFileType = sourcecode.c.objc; path = TravelNowTests.m; sourceTree = "<group>"; };
/* End PBXFileReference section */

/* Begin PBXFrameworksBuildPhase section */
		500C021B19B169EC0069DCFD /* Frameworks */ = {
			isa = PBXFrameworksBuildPhase;
			buildActionMask = 2147483647;
			files = (
				500C022419B169EC0069DCFD /* CoreGraphics.framework in Frameworks */,
				500C022619B169EC0069DCFD /* UIKit.framework in Frameworks */,
				500C022219B169EC0069DCFD /* Foundation.framework in Frameworks */,
			);
			runOnlyForDeploymentPostprocessing = 0;
		};
		500C023619B169ED0069DCFD /* Frameworks */ = {
			isa = PBXFrameworksBuildPhase;
			buildActionMask = 2147483647;
			files = (
				500C023B19B169ED0069DCFD /* XCTest.framework in Frameworks */,
				500C023D19B169ED0069DCFD /* UIKit.framework in Frameworks */,
				500C023C19B169ED0069DCFD /* Foundation.framework in Frameworks */,
			);
			runOnlyForDeploymentPostprocessing = 0;
		};
/* End PBXFrameworksBuildPhase section */

/* Begin PBXGroup section */
		500C021519B169EC0069DCFD = {
			isa = PBXGroup;
			children = (
				500C022719B169EC0069DCFD /* TravelNow */,
				500C024019B169ED0069DCFD /* TravelNowTests */,
				500C022019B169EC0069DCFD /* Frameworks */,
				500C021F19B169EC0069DCFD /* Products */,
			);
			sourceTree = "<group>";
		};
		500C021F19B169EC0069DCFD /* Products */ = {
			isa = PBXGroup;
			children = (
				500C021E19B169EC0069DCFD /* TravelNow.app */,
				500C023919B169ED0069DCFD /* TravelNowTests.xctest */,
			);
			name = Products;
			sourceTree = "<group>";
		};
		500C022019B169EC0069DCFD /* Frameworks */ = {
			isa = PBXGroup;
			children = (
				500C022119B169EC0069DCFD /* Foundation.framework */,
				500C022319B169EC0069DCFD /* CoreGraphics.framework */,
				500C022519B169EC0069DCFD /* UIKit.framework */,
				500C023A19B169ED0069DCFD /* XCTest.framework */,
			);
			name = Frameworks;
			sourceTree = "<group>";
		};
		500C022719B169EC0069DCFD /* TravelNow */ = {
			isa = PBXGroup;
			children = (
				500C023019B169EC0069DCFD /* TNAppDelegate.h */,
				500C023119B169EC0069DCFD /* TNAppDelegate.m */,
				500C023319B169EC0069DCFD /* Images.xcassets */,
				500C022819B169EC0069DCFD /* Supporting Files */,
			);
			path = TravelNow;
			sourceTree = "<group>";
		};
		500C022819B169EC0069DCFD /* Supporting Files */ = {
			isa = PBXGroup;
			children = (
				500C022919B169EC0069DCFD /* TravelNow-Info.plist */,
				500C022A19B169EC0069DCFD /* InfoPlist.strings */,
				500C022D19B169EC0069DCFD /* main.m */,
				500C022F19B169EC0069DCFD /* TravelNow-Prefix.pch */,
			);
			name = "Supporting Files";
			sourceTree = "<group>";
		};
		500C024019B169ED0069DCFD /* TravelNowTests */ = {
			isa = PBXGroup;
			children = (
				500C024619B169ED0069DCFD /* TravelNowTests.m */,
				500C024119B169ED0069DCFD /* Supporting Files */,
			);
			path = TravelNowTests;
			sourceTree = "<group>";
		};
		500C024119B169ED0069DCFD /* Supporting Files */ = {
			isa = PBXGroup;
			children = (
				500C024219B169ED0069DCFD /* TravelNowTests-Info.plist */,
				500C024319B169ED0069DCFD /* InfoPlist.strings */,
			);
			name = "Supporting Files";
			sourceTree = "<group>";
		};
/* End PBXGroup section */

/* Begin PBXNativeTarget section */
		500C021D19B169EC0069DCFD /* TravelNow */ = {
			isa = PBXNativeTarget;
			buildConfigurationList = 500C024A19B169ED0069DCFD /* Build configuration list for PBXNativeTarget "TravelNow" */;
			buildPhases = (
				500C021A19B169EC0069DCFD /* Sources */,
				500C021B19B169EC0069DCFD /* Frameworks */,
				500C021C19B169EC0069DCFD /* Resources */,
			);
			buildRules = (
			);
			dependencies = (
			);
			name = TravelNow;
			productName = TravelNow;
			productReference = 500C021E19B169EC0069DCFD /* TravelNow.app */;
			productType = "com.apple.product-type.application";
		};
		500C023819B169ED0069DCFD /* TravelNowTests */ = {
			isa = PBXNativeTarget;
			buildConfigurationList = 500C024D19B169ED0069DCFD /* Build configuration list for PBXNativeTarget "TravelNowTests" */;
			buildPhases = (
				500C023519B169ED0069DCFD /* Sources */,
				500C023619B169ED0069DCFD /* Frameworks */,
				500C023719B169ED0069DCFD /* Resources */,
			);
			buildRules = (
			);
			dependencies = (
				500C023F19B169ED0069DCFD /* PBXTargetDependency */,
			);
			name = TravelNowTests;
			productName = TravelNowTests;
			productReference = 500C023919B169ED0069DCFD /* TravelNowTests.xctest */;
			productType = "com.apple.product-type.bundle.unit-test";
		};
/* End PBXNativeTarget section */

/* Begin PBXProject section */
		500C021619B169EC0069DCFD /* Project object */ = {
			isa = PBXProject;
			attributes = {
				CLASSPREFIX = TN;
				LastUpgradeCheck = 0510;
				ORGANIZATIONNAME = "Maksym Huk";
				TargetAttributes = {
					500C023819B169ED0069DCFD = {
						TestTargetID = 500C021D19B169EC0069DCFD;
					};
				};
			};
			buildConfigurationList = 500C021919B169EC0069DCFD /* Build configuration list for PBXProject "TravelNow" */;
			compatibilityVersion = "Xcode 3.2";
			developmentRegion = English;
			hasScannedForEncodings = 0;
			knownRegions = (
				en,
			);
			mainGroup = 500C021519B169EC0069DCFD;
			productRefGroup = 500C021F19B169EC0069DCFD /* Products */;
			projectDirPath = "";
			projectRoot = "";
			targets = (
				500C021D19B169EC0069DCFD /* TravelNow */,
				500C023819B169ED0069DCFD /* TravelNowTests */,
			);
		};
/* End PBXProject section */

/* Begin PBXResourcesBuildPhase section */
		500C021C19B169EC0069DCFD /* Resources */ = {
			isa = PBXResourcesBuildPhase;
			buildActionMask = 2147483647;
			files = (
				500C022C19B169EC0069DCFD /* InfoPlist.strings in Resources */,
				500C023419B169EC0069DCFD /* Images.xcassets in Resources */,
			);
			runOnlyForDeploymentPostprocessing = 0;
		};
		500C023719B169ED0069DCFD /* Resources */ = {
			isa = PBXResourcesBuildPhase;
			buildActionMask = 2147483647;
			files = (
				500C024519B169ED0069DCFD /* InfoPlist.strings in Resources */,
			);
			runOnlyForDeploymentPostprocessing = 0;
		};
/* End PBXResourcesBuildPhase section */

/* Begin PBXSourcesBuildPhase section */
		500C021A19B169EC0069DCFD /* Sources */ = {
			isa = PBXSourcesBuildPhase;
			buildActionMask = 2147483647;
			files = (
				500C023219B169EC0069DCFD /* TNAppDelegate.m in Sources */,
				500C022E19B169EC0069DCFD /* main.m in Sources */,
			);
			runOnlyForDeploymentPostprocessing = 0;
		};
		500C023519B169ED0069DCFD /* Sources */ = {
			isa = PBXSourcesBuildPhase;
			buildActionMask = 2147483647;
			files = (
				500C024719B169ED0069DCFD /* TravelNowTests.m in Sources */,
			);
			runOnlyForDeploymentPostprocessing = 0;
		};
/* End PBXSourcesBuildPhase section */

/* Begin PBXTargetDependency section */
		500C023F19B169ED0069DCFD /* PBXTargetDependency */ = {
			isa = PBXTargetDependency;
			target = 500C021D19B169EC0069DCFD /* TravelNow */;
			targetProxy = 500C023E19B169ED0069DCFD /* PBXContainerItemProxy */;
		};
/* End PBXTargetDependency section */

/* Begin PBXVariantGroup section */
		500C022A19B169EC0069DCFD /* InfoPlist.strings */ = {
			isa = PBXVariantGroup;
			children = (
				500C022B19B169EC0069DCFD /* en */,
			);
			name = InfoPlist.strings;
			sourceTree = "<group>";
		};
		500C024319B169ED0069DCFD /* InfoPlist.strings */ = {
			isa = PBXVariantGroup;
			children = (
				500C024419B169ED0069DCFD /* en */,
			);
			name = InfoPlist.strings;
			sourceTree = "<group>";
		};
/* End PBXVariantGroup section */

/* Begin XCBuildConfiguration section */
		500C024819B169ED0069DCFD /* Debug */ = {
			isa = XCBuildConfiguration;
			buildSettings = {
				ALWAYS_SEARCH_USER_PATHS = NO;
				CLANG_CXX_LANGUAGE_STANDARD = "gnu++0x";
				CLANG_CXX_LIBRARY = "libc++";
				CLANG_ENABLE_MODULES = YES;
				CLANG_ENABLE_OBJC_ARC = YES;
				CLANG_WARN_BOOL_CONVERSION = YES;
				CLANG_WARN_CONSTANT_CONVERSION = YES;
				CLANG_WARN_DIRECT_OBJC_ISA_USAGE = YES_ERROR;
				CLANG_WARN_EMPTY_BODY = YES;
				CLANG_WARN_ENUM_CONVERSION = YES;
				CLANG_WARN_INT_CONVERSION = YES;
				CLANG_WARN_OBJC_ROOT_CLASS = YES_ERROR;
				CLANG_WARN__DUPLICATE_METHOD_MATCH = YES;
				"CODE_SIGN_IDENTITY[sdk=iphoneos*]" = "iPhone Developer";
				COPY_PHASE_STRIP = NO;
				GCC_C_LANGUAGE_STANDARD = gnu99;
				GCC_DYNAMIC_NO_PIC = NO;
				GCC_OPTIMIZATION_LEVEL = 0;
				GCC_PREPROCESSOR_DEFINITIONS = (
					"DEBUG=1",
					"$(inherited)",
				);
				GCC_SYMBOLS_PRIVATE_EXTERN = NO;
				GCC_WARN_64_TO_32_BIT_CONVERSION = YES;
				GCC_WARN_ABOUT_RETURN_TYPE = YES_ERROR;
				GCC_WARN_UNDECLARED_SELECTOR = YES;
				GCC_WARN_UNINITIALIZED_AUTOS = YES_AGGRESSIVE;
				GCC_WARN_UNUSED_FUNCTION = YES;
				GCC_WARN_UNUSED_VARIABLE = YES;
				IPHONEOS_DEPLOYMENT_TARGET = 7.1;
				ONLY_ACTIVE_ARCH = YES;
				SDKROOT = iphoneos;
			};
			name = Debug;
		};
		500C024919B169ED0069DCFD /* Release */ = {
			isa = XCBuildConfiguration;
			buildSettings = {
				ALWAYS_SEARCH_USER_PATHS = NO;
				CLANG_CXX_LANGUAGE_STANDARD = "gnu++0x";
				CLANG_CXX_LIBRARY = "libc++";
				CLANG_ENABLE_MODULES = YES;
				CLANG_ENABLE_OBJC_ARC = YES;
				CLANG_WARN_BOOL_CONVERSION = YES;
				CLANG_WARN_CONSTANT_CONVERSION = YES;
				CLANG_WARN_DIRECT_OBJC_ISA_USAGE = YES_ERROR;
				CLANG_WARN_EMPTY_BODY = YES;
				CLANG_WARN_ENUM_CONVERSION = YES;
				CLANG_WARN_INT_CONVERSION = YES;
				CLANG_WARN_OBJC_ROOT_CLASS = YES_ERROR;
				CLANG_WARN__DUPLICATE_METHOD_MATCH = YES;
				"CODE_SIGN_IDENTITY[sdk=iphoneos*]" = "iPhone Developer";
				COPY_PHASE_STRIP = YES;
				ENABLE_NS_ASSERTIONS = NO;
				GCC_C_LANGUAGE_STANDARD = gnu99;
				GCC_WARN_64_TO_32_BIT_CONVERSION = YES;
				GCC_WARN_ABOUT_RETURN_TYPE = YES_ERROR;
				GCC_WARN_UNDECLARED_SELECTOR = YES;
				GCC_WARN_UNINITIALIZED_AUTOS = YES_AGGRESSIVE;
				GCC_WARN_UNUSED_FUNCTION = YES;
				GCC_WARN_UNUSED_VARIABLE = YES;
				IPHONEOS_DEPLOYMENT_TARGET = 7.1;
				SDKROOT = iphoneos;
				VALIDATE_PRODUCT = YES;
			};
			name = Release;
		};
		500C024B19B169ED0069DCFD /* Debug */ = {
			isa = XCBuildConfiguration;
			buildSettings = {
				ASSETCATALOG_COMPILER_APPICON_NAME = AppIcon;
				ASSETCATALOG_COMPILER_LAUNCHIMAGE_NAME = LaunchImage;
				GCC_PRECOMPILE_PREFIX_HEADER = YES;
				GCC_PREFIX_HEADER = "TravelNow/TravelNow-Prefix.pch";
				INFOPLIST_FILE = "TravelNow/TravelNow-Info.plist";
				PRODUCT_NAME = "$(TARGET_NAME)";
				WRAPPER_EXTENSION = app;
			};
			name = Debug;
		};
		500C024C19B169ED0069DCFD /* Release */ = {
			isa = XCBuildConfiguration;
			buildSettings = {
				ASSETCATALOG_COMPILER_APPICON_NAME = AppIcon;
				ASSETCATALOG_COMPILER_LAUNCHIMAGE_NAME = LaunchImage;
				GCC_PRECOMPILE_PREFIX_HEADER = YES;
				GCC_PREFIX_HEADER = "TravelNow/TravelNow-Prefix.pch";
				INFOPLIST_FILE = "TravelNow/TravelNow-Info.plist";
				PRODUCT_NAME = "$(TARGET_NAME)";
				WRAPPER_EXTENSION = app;
			};
			name = Release;
		};
		500C024E19B169ED0069DCFD /* Debug */ = {
			isa = XCBuildConfiguration;
			buildSettings = {
				BUNDLE_LOADER = "$(BUILT_PRODUCTS_DIR)/TravelNow.app/TravelNow";
				FRAMEWORK_SEARCH_PATHS = (
					"$(SDKROOT)/Developer/Library/Frameworks",
					"$(inherited)",
					"$(DEVELOPER_FRAMEWORKS_DIR)",
				);
				GCC_PRECOMPILE_PREFIX_HEADER = YES;
				GCC_PREFIX_HEADER = "TravelNow/TravelNow-Prefix.pch";
				GCC_PREPROCESSOR_DEFINITIONS = (
					"DEBUG=1",
					"$(inherited)",
				);
				INFOPLIST_FILE = "TravelNowTests/TravelNowTests-Info.plist";
				PRODUCT_NAME = "$(TARGET_NAME)";
				TEST_HOST = "$(BUNDLE_LOADER)";
				WRAPPER_EXTENSION = xctest;
			};
			name = Debug;
		};
		500C024F19B169ED0069DCFD /* Release */ = {
			isa = XCBuildConfiguration;
			buildSettings = {
				BUNDLE_LOADER = "$(BUILT_PRODUCTS_DIR)/TravelNow.app/TravelNow";
				FRAMEWORK_SEARCH_PATHS = (
					"$(SDKROOT)/Developer/Library/Frameworks",
					"$(inherited)",
					"$(DEVELOPER_FRAMEWORKS_DIR)",
				);
				GCC_PRECOMPILE_PREFIX_HEADER = YES;
				GCC_PREFIX_HEADER = "TravelNow/TravelNow-Prefix.pch";
				INFOPLIST_FILE = "TravelNowTests/TravelNowTests-Info.plist";
				PRODUCT_NAME = "$(TARGET_NAME)";
				TEST_HOST = "$(BUNDLE_LOADER)";
				WRAPPER_EXTENSION = xctest;
			};
			name = Release;
		};
/* End XCBuildConfiguration section */

/* Begin XCConfigurationList section */
		500C021919B169EC0069DCFD /* Build configuration list for PBXProject "TravelNow" */ = {
			isa = XCConfigurationList;
			buildConfigurations = (
				500C024819B169ED0069DCFD /* Debug */,
				500C024919B169ED0069DCFD /* Release */,
			);
			defaultConfigurationIsVisible = 0;
			defaultConfigurationName = Release;
		};
		500C024A19B169ED0069DCFD /* Build configuration list for PBXNativeTarget "TravelNow" */ = {
			isa = XCConfigurationList;
			buildConfigurations = (
				500C024B19B169ED0069DCFD /* Debug */,
				500C024C19B169ED0069DCFD /* Release */,
			);
			defaultConfigurationIsVisible = 0;
		};
		500C024D19B169ED0069DCFD /* Build configuration list for PBXNativeTarget "TravelNowTests" */ = {
			isa = XCConfigurationList;
			buildConfigurations = (
				500C024E19B169ED0069DCFD /* Debug */,
				500C024F19B169ED0069DCFD /* Release */,
			);
			defaultConfigurationIsVisible = 0;
		};
/* End XCConfigurationList section */
	};
	rootObject = 500C021619B169EC0069DCFD /* Project object */;
}
