// !$*UTF8*$!
{
	archiveVersion = 1;
	classes = {
	};
	objectVersion = 46;
	objects = {

/* Begin PBXBuildFile section */
		500974A619B3BF0600422506 /* TNTripCell.m in Sources */ = {isa = PBXBuildFile; fileRef = 500974A519B3BF0600422506 /* TNTripCell.m */; };
		500974A719B3BF0600422506 /* TNTripCell.m in Sources */ = {isa = PBXBuildFile; fileRef = 500974A519B3BF0600422506 /* TNTripCell.m */; };
		500974AB19B3C01100422506 /* NSDate+Difference.m in Sources */ = {isa = PBXBuildFile; fileRef = 500974AA19B3C01100422506 /* NSDate+Difference.m */; };
		500974AC19B3C01100422506 /* NSDate+Difference.m in Sources */ = {isa = PBXBuildFile; fileRef = 500974AA19B3C01100422506 /* NSDate+Difference.m */; };
		500974AF19B3C47900422506 /* TNTripViewController.m in Sources */ = {isa = PBXBuildFile; fileRef = 500974AE19B3C47900422506 /* TNTripViewController.m */; };
		500974B019B3C47900422506 /* TNTripViewController.m in Sources */ = {isa = PBXBuildFile; fileRef = 500974AE19B3C47900422506 /* TNTripViewController.m */; };
		500974B319B3D21800422506 /* TNDateViewController.m in Sources */ = {isa = PBXBuildFile; fileRef = 500974B219B3D21800422506 /* TNDateViewController.m */; };
		500974B619B3D67B00422506 /* TNNoteViewController.m in Sources */ = {isa = PBXBuildFile; fileRef = 500974B519B3D67B00422506 /* TNNoteViewController.m */; };
		500974BA19B3DCF500422506 /* MHLabel.m in Sources */ = {isa = PBXBuildFile; fileRef = 500974B919B3DCF500422506 /* MHLabel.m */; };
		500974BB19B3DCF500422506 /* MHLabel.m in Sources */ = {isa = PBXBuildFile; fileRef = 500974B919B3DCF500422506 /* MHLabel.m */; };
		500C022219B169EC0069DCFD /* Foundation.framework in Frameworks */ = {isa = PBXBuildFile; fileRef = 500C022119B169EC0069DCFD /* Foundation.framework */; };
		500C022419B169EC0069DCFD /* CoreGraphics.framework in Frameworks */ = {isa = PBXBuildFile; fileRef = 500C022319B169EC0069DCFD /* CoreGraphics.framework */; };
		500C022619B169EC0069DCFD /* UIKit.framework in Frameworks */ = {isa = PBXBuildFile; fileRef = 500C022519B169EC0069DCFD /* UIKit.framework */; };
		500C023219B169EC0069DCFD /* TNAppDelegate.m in Sources */ = {isa = PBXBuildFile; fileRef = 500C023119B169EC0069DCFD /* TNAppDelegate.m */; };
		500C023B19B169ED0069DCFD /* XCTest.framework in Frameworks */ = {isa = PBXBuildFile; fileRef = 500C023A19B169ED0069DCFD /* XCTest.framework */; };
		500C023C19B169ED0069DCFD /* Foundation.framework in Frameworks */ = {isa = PBXBuildFile; fileRef = 500C022119B169EC0069DCFD /* Foundation.framework */; };
		500C023D19B169ED0069DCFD /* UIKit.framework in Frameworks */ = {isa = PBXBuildFile; fileRef = 500C022519B169EC0069DCFD /* UIKit.framework */; };
		500C024719B169ED0069DCFD /* TravelNowTests.m in Sources */ = {isa = PBXBuildFile; fileRef = 500C024619B169ED0069DCFD /* TravelNowTests.m */; };
		500C025219B1BEBB0069DCFD /* Images.xcassets in Resources */ = {isa = PBXBuildFile; fileRef = 500C025119B1BEBB0069DCFD /* Images.xcassets */; };
		500C025319B1BEBB0069DCFD /* Images.xcassets in Resources */ = {isa = PBXBuildFile; fileRef = 500C025119B1BEBB0069DCFD /* Images.xcassets */; };
		500C025B19B1BEC40069DCFD /* InfoPlist.strings in Resources */ = {isa = PBXBuildFile; fileRef = 500C025819B1BEC40069DCFD /* InfoPlist.strings */; };
		500C026319B1BECA0069DCFD /* InfoPlist.strings in Resources */ = {isa = PBXBuildFile; fileRef = 500C026019B1BECA0069DCFD /* InfoPlist.strings */; };
		500C026619B1BF300069DCFD /* Main.storyboard in Resources */ = {isa = PBXBuildFile; fileRef = 500C026519B1BF300069DCFD /* Main.storyboard */; };
		500C026719B1BF300069DCFD /* Main.storyboard in Resources */ = {isa = PBXBuildFile; fileRef = 500C026519B1BF300069DCFD /* Main.storyboard */; };
		500C026F19B1BF4E0069DCFD /* Main.xcdatamodeld in Sources */ = {isa = PBXBuildFile; fileRef = 500C026D19B1BF4E0069DCFD /* Main.xcdatamodeld */; };
		500C027019B1BF4E0069DCFD /* Main.xcdatamodeld in Sources */ = {isa = PBXBuildFile; fileRef = 500C026D19B1BF4E0069DCFD /* Main.xcdatamodeld */; };
		500C027E19B1C0050069DCFD /* MHLog.m in Sources */ = {isa = PBXBuildFile; fileRef = 500C027D19B1C0050069DCFD /* MHLog.m */; };
		500C027F19B1C0050069DCFD /* MHLog.m in Sources */ = {isa = PBXBuildFile; fileRef = 500C027D19B1C0050069DCFD /* MHLog.m */; };
		500C028119B1C04A0069DCFD /* main.m in Sources */ = {isa = PBXBuildFile; fileRef = 500C028019B1C04A0069DCFD /* main.m */; };
		500C028219B1C04A0069DCFD /* main.m in Sources */ = {isa = PBXBuildFile; fileRef = 500C028019B1C04A0069DCFD /* main.m */; };
		504DB7D019B31313005D2993 /* Firebase.framework in Frameworks */ = {isa = PBXBuildFile; fileRef = 504DB7CE19B31313005D2993 /* Firebase.framework */; };
		504DB7D119B31313005D2993 /* Firebase.framework in Frameworks */ = {isa = PBXBuildFile; fileRef = 504DB7CE19B31313005D2993 /* Firebase.framework */; };
		504DB7D219B31313005D2993 /* FirebaseSimpleLogin.framework in Frameworks */ = {isa = PBXBuildFile; fileRef = 504DB7CF19B31313005D2993 /* FirebaseSimpleLogin.framework */; };
		504DB7D319B31313005D2993 /* FirebaseSimpleLogin.framework in Frameworks */ = {isa = PBXBuildFile; fileRef = 504DB7CF19B31313005D2993 /* FirebaseSimpleLogin.framework */; };
		504DB7DA19B31489005D2993 /* NSString+Password.m in Sources */ = {isa = PBXBuildFile; fileRef = 504DB7D919B31489005D2993 /* NSString+Password.m */; };
		504DB7DB19B31489005D2993 /* NSString+Password.m in Sources */ = {isa = PBXBuildFile; fileRef = 504DB7D919B31489005D2993 /* NSString+Password.m */; };
		504DB7DD19B3153F005D2993 /* libicucore.dylib in Frameworks */ = {isa = PBXBuildFile; fileRef = 504DB7DC19B3153F005D2993 /* libicucore.dylib */; };
		504DB7DF19B31546005D2993 /* libc++.dylib in Frameworks */ = {isa = PBXBuildFile; fileRef = 504DB7DE19B31546005D2993 /* libc++.dylib */; };
		504DB7E119B3154F005D2993 /* CFNetwork.framework in Frameworks */ = {isa = PBXBuildFile; fileRef = 504DB7E019B3154F005D2993 /* CFNetwork.framework */; };
		504DB7E319B31557005D2993 /* Security.framework in Frameworks */ = {isa = PBXBuildFile; fileRef = 504DB7E219B31557005D2993 /* Security.framework */; };
		504DB7E519B3155D005D2993 /* SystemConfiguration.framework in Frameworks */ = {isa = PBXBuildFile; fileRef = 504DB7E419B3155D005D2993 /* SystemConfiguration.framework */; };
		504DB7E719B3156D005D2993 /* Social.framework in Frameworks */ = {isa = PBXBuildFile; fileRef = 504DB7E619B3156D005D2993 /* Social.framework */; };
		504DB7EB19B317DE005D2993 /* TNAPIClient.m in Sources */ = {isa = PBXBuildFile; fileRef = 504DB7EA19B317DE005D2993 /* TNAPIClient.m */; };
		504DB7EC19B317DE005D2993 /* TNAPIClient.m in Sources */ = {isa = PBXBuildFile; fileRef = 504DB7EA19B317DE005D2993 /* TNAPIClient.m */; };
		504DB7F819B31D1C005D2993 /* UIAlertView+Presets.m in Sources */ = {isa = PBXBuildFile; fileRef = 504DB7F719B31D1C005D2993 /* UIAlertView+Presets.m */; };
		504DB7F919B31D1C005D2993 /* UIAlertView+Presets.m in Sources */ = {isa = PBXBuildFile; fileRef = 504DB7F719B31D1C005D2993 /* UIAlertView+Presets.m */; };
		504DB7FD19B3224C005D2993 /* JGProgressHUD+Presets.m in Sources */ = {isa = PBXBuildFile; fileRef = 504DB7FC19B3224C005D2993 /* JGProgressHUD+Presets.m */; };
		504DB7FE19B3224C005D2993 /* JGProgressHUD+Presets.m in Sources */ = {isa = PBXBuildFile; fileRef = 504DB7FC19B3224C005D2993 /* JGProgressHUD+Presets.m */; };
		5054767419B3AFBD00602858 /* TNUser.m in Sources */ = {isa = PBXBuildFile; fileRef = 5054767319B3AFBD00602858 /* TNUser.m */; };
		5054767719B3B3EE00602858 /* TNTripsViewController.m in Sources */ = {isa = PBXBuildFile; fileRef = 5054767619B3B3EE00602858 /* TNTripsViewController.m */; };
		50C273ED19B1D43900C47EFA /* TNLogInViewController.m in Sources */ = {isa = PBXBuildFile; fileRef = 50C273EC19B1D43900C47EFA /* TNLogInViewController.m */; };
		50C273F019B1D44000C47EFA /* TNWelcomeViewController.m in Sources */ = {isa = PBXBuildFile; fileRef = 50C273EF19B1D44000C47EFA /* TNWelcomeViewController.m */; };
		50C273F319B1D44900C47EFA /* TNSignUpViewController.m in Sources */ = {isa = PBXBuildFile; fileRef = 50C273F219B1D44900C47EFA /* TNSignUpViewController.m */; };
		50CAE85719B3F21F000BE31A /* TNFilterViewController.m in Sources */ = {isa = PBXBuildFile; fileRef = 50CAE85619B3F21F000BE31A /* TNFilterViewController.m */; };
		50CAE85A19B3F453000BE31A /* TNTrip.m in Sources */ = {isa = PBXBuildFile; fileRef = 50CAE85919B3F453000BE31A /* TNTrip.m */; };
		992ABDFF4EFD47F8B45C9D7B /* libPods.a in Frameworks */ = {isa = PBXBuildFile; fileRef = 7230D91EAC2648BEA27CC0B0 /* libPods.a */; };
/* End PBXBuildFile section */

/* Begin PBXContainerItemProxy section */
		500C023E19B169ED0069DCFD /* PBXContainerItemProxy */ = {
			isa = PBXContainerItemProxy;
			containerPortal = 500C021619B169EC0069DCFD /* Project object */;
			proxyType = 1;
			remoteGlobalIDString = 500C021D19B169EC0069DCFD;
			remoteInfo = TravelNow;
		};
/* End PBXContainerItemProxy section */

/* Begin PBXFileReference section */
		500974A419B3BF0600422506 /* TNTripCell.h */ = {isa = PBXFileReference; fileEncoding = 4; lastKnownFileType = sourcecode.c.h; path = TNTripCell.h; sourceTree = "<group>"; };
		500974A519B3BF0600422506 /* TNTripCell.m */ = {isa = PBXFileReference; fileEncoding = 4; lastKnownFileType = sourcecode.c.objc; path = TNTripCell.m; sourceTree = "<group>"; };
		500974A919B3C01100422506 /* NSDate+Difference.h */ = {isa = PBXFileReference; fileEncoding = 4; lastKnownFileType = sourcecode.c.h; path = "NSDate+Difference.h"; sourceTree = "<group>"; };
		500974AA19B3C01100422506 /* NSDate+Difference.m */ = {isa = PBXFileReference; fileEncoding = 4; lastKnownFileType = sourcecode.c.objc; path = "NSDate+Difference.m"; sourceTree = "<group>"; };
		500974AD19B3C47900422506 /* TNTripViewController.h */ = {isa = PBXFileReference; fileEncoding = 4; lastKnownFileType = sourcecode.c.h; path = TNTripViewController.h; sourceTree = "<group>"; };
		500974AE19B3C47900422506 /* TNTripViewController.m */ = {isa = PBXFileReference; fileEncoding = 4; lastKnownFileType = sourcecode.c.objc; path = TNTripViewController.m; sourceTree = "<group>"; };
		500974B119B3D21800422506 /* TNDateViewController.h */ = {isa = PBXFileReference; fileEncoding = 4; lastKnownFileType = sourcecode.c.h; path = TNDateViewController.h; sourceTree = "<group>"; };
		500974B219B3D21800422506 /* TNDateViewController.m */ = {isa = PBXFileReference; fileEncoding = 4; lastKnownFileType = sourcecode.c.objc; path = TNDateViewController.m; sourceTree = "<group>"; };
		500974B419B3D67B00422506 /* TNNoteViewController.h */ = {isa = PBXFileReference; fileEncoding = 4; lastKnownFileType = sourcecode.c.h; path = TNNoteViewController.h; sourceTree = "<group>"; };
		500974B519B3D67B00422506 /* TNNoteViewController.m */ = {isa = PBXFileReference; fileEncoding = 4; lastKnownFileType = sourcecode.c.objc; path = TNNoteViewController.m; sourceTree = "<group>"; };
		500974B819B3DCF500422506 /* MHLabel.h */ = {isa = PBXFileReference; fileEncoding = 4; lastKnownFileType = sourcecode.c.h; path = MHLabel.h; sourceTree = "<group>"; };
		500974B919B3DCF500422506 /* MHLabel.m */ = {isa = PBXFileReference; fileEncoding = 4; lastKnownFileType = sourcecode.c.objc; path = MHLabel.m; sourceTree = "<group>"; };
		500C021E19B169EC0069DCFD /* TravelNow.app */ = {isa = PBXFileReference; explicitFileType = wrapper.application; includeInIndex = 0; path = TravelNow.app; sourceTree = BUILT_PRODUCTS_DIR; };
		500C022119B169EC0069DCFD /* Foundation.framework */ = {isa = PBXFileReference; lastKnownFileType = wrapper.framework; name = Foundation.framework; path = System/Library/Frameworks/Foundation.framework; sourceTree = SDKROOT; };
		500C022319B169EC0069DCFD /* CoreGraphics.framework */ = {isa = PBXFileReference; lastKnownFileType = wrapper.framework; name = CoreGraphics.framework; path = System/Library/Frameworks/CoreGraphics.framework; sourceTree = SDKROOT; };
		500C022519B169EC0069DCFD /* UIKit.framework */ = {isa = PBXFileReference; lastKnownFileType = wrapper.framework; name = UIKit.framework; path = System/Library/Frameworks/UIKit.framework; sourceTree = SDKROOT; };
		500C022F19B169EC0069DCFD /* TravelNow-Prefix.pch */ = {isa = PBXFileReference; lastKnownFileType = sourcecode.c.h; path = "TravelNow-Prefix.pch"; sourceTree = "<group>"; };
		500C023019B169EC0069DCFD /* TNAppDelegate.h */ = {isa = PBXFileReference; lastKnownFileType = sourcecode.c.h; path = TNAppDelegate.h; sourceTree = "<group>"; };
		500C023119B169EC0069DCFD /* TNAppDelegate.m */ = {isa = PBXFileReference; lastKnownFileType = sourcecode.c.objc; path = TNAppDelegate.m; sourceTree = "<group>"; };
		500C023919B169ED0069DCFD /* TravelNowTests.xctest */ = {isa = PBXFileReference; explicitFileType = wrapper.cfbundle; includeInIndex = 0; path = TravelNowTests.xctest; sourceTree = BUILT_PRODUCTS_DIR; };
		500C023A19B169ED0069DCFD /* XCTest.framework */ = {isa = PBXFileReference; lastKnownFileType = wrapper.framework; name = XCTest.framework; path = Library/Frameworks/XCTest.framework; sourceTree = DEVELOPER_DIR; };
		500C024619B169ED0069DCFD /* TravelNowTests.m */ = {isa = PBXFileReference; lastKnownFileType = sourcecode.c.objc; path = TravelNowTests.m; sourceTree = "<group>"; };
		500C025119B1BEBB0069DCFD /* Images.xcassets */ = {isa = PBXFileReference; lastKnownFileType = folder.assetcatalog; path = Images.xcassets; sourceTree = "<group>"; };
		500C025619B1BEC40069DCFD /* TravelNow-Info.plist */ = {isa = PBXFileReference; fileEncoding = 4; lastKnownFileType = text.plist.xml; path = "TravelNow-Info.plist"; sourceTree = "<group>"; };
		500C025919B1BEC40069DCFD /* en */ = {isa = PBXFileReference; lastKnownFileType = text.plist.strings; name = en; path = en.lproj/InfoPlist.strings; sourceTree = "<group>"; };
		500C025E19B1BECA0069DCFD /* TravelNowTests-Info.plist */ = {isa = PBXFileReference; fileEncoding = 4; lastKnownFileType = text.plist.xml; path = "TravelNowTests-Info.plist"; sourceTree = "<group>"; };
		500C026119B1BECA0069DCFD /* en */ = {isa = PBXFileReference; lastKnownFileType = text.plist.strings; name = en; path = en.lproj/InfoPlist.strings; sourceTree = "<group>"; };
		500C026519B1BF300069DCFD /* Main.storyboard */ = {isa = PBXFileReference; fileEncoding = 4; lastKnownFileType = file.storyboard; path = Main.storyboard; sourceTree = "<group>"; };
		500C026E19B1BF4E0069DCFD /* Main.xcdatamodel */ = {isa = PBXFileReference; lastKnownFileType = wrapper.xcdatamodel; path = Main.xcdatamodel; sourceTree = "<group>"; };
		500C027C19B1C0050069DCFD /* MHLog.h */ = {isa = PBXFileReference; fileEncoding = 4; lastKnownFileType = sourcecode.c.h; path = MHLog.h; sourceTree = "<group>"; };
		500C027D19B1C0050069DCFD /* MHLog.m */ = {isa = PBXFileReference; fileEncoding = 4; lastKnownFileType = sourcecode.c.objc; path = MHLog.m; sourceTree = "<group>"; };
		500C028019B1C04A0069DCFD /* main.m */ = {isa = PBXFileReference; fileEncoding = 4; lastKnownFileType = sourcecode.c.objc; path = main.m; sourceTree = "<group>"; };
		500C028319B1C0640069DCFD /* TNMacros.h */ = {isa = PBXFileReference; lastKnownFileType = sourcecode.c.h; path = TNMacros.h; sourceTree = "<group>"; };
		504DB7CE19B31313005D2993 /* Firebase.framework */ = {isa = PBXFileReference; lastKnownFileType = wrapper.framework; name = Firebase.framework; path = Lib/Firebase.framework; sourceTree = SOURCE_ROOT; };
		504DB7CF19B31313005D2993 /* FirebaseSimpleLogin.framework */ = {isa = PBXFileReference; lastKnownFileType = wrapper.framework; name = FirebaseSimpleLogin.framework; path = Lib/FirebaseSimpleLogin.framework; sourceTree = SOURCE_ROOT; };
		504DB7D819B31489005D2993 /* NSString+Password.h */ = {isa = PBXFileReference; fileEncoding = 4; lastKnownFileType = sourcecode.c.h; path = "NSString+Password.h"; sourceTree = "<group>"; };
		504DB7D919B31489005D2993 /* NSString+Password.m */ = {isa = PBXFileReference; fileEncoding = 4; lastKnownFileType = sourcecode.c.objc; path = "NSString+Password.m"; sourceTree = "<group>"; };
		504DB7DC19B3153F005D2993 /* libicucore.dylib */ = {isa = PBXFileReference; lastKnownFileType = "compiled.mach-o.dylib"; name = libicucore.dylib; path = usr/lib/libicucore.dylib; sourceTree = SDKROOT; };
		504DB7DE19B31546005D2993 /* libc++.dylib */ = {isa = PBXFileReference; lastKnownFileType = "compiled.mach-o.dylib"; name = "libc++.dylib"; path = "usr/lib/libc++.dylib"; sourceTree = SDKROOT; };
		504DB7E019B3154F005D2993 /* CFNetwork.framework */ = {isa = PBXFileReference; lastKnownFileType = wrapper.framework; name = CFNetwork.framework; path = System/Library/Frameworks/CFNetwork.framework; sourceTree = SDKROOT; };
		504DB7E219B31557005D2993 /* Security.framework */ = {isa = PBXFileReference; lastKnownFileType = wrapper.framework; name = Security.framework; path = System/Library/Frameworks/Security.framework; sourceTree = SDKROOT; };
		504DB7E419B3155D005D2993 /* SystemConfiguration.framework */ = {isa = PBXFileReference; lastKnownFileType = wrapper.framework; name = SystemConfiguration.framework; path = System/Library/Frameworks/SystemConfiguration.framework; sourceTree = SDKROOT; };
		504DB7E619B3156D005D2993 /* Social.framework */ = {isa = PBXFileReference; lastKnownFileType = wrapper.framework; name = Social.framework; path = System/Library/Frameworks/Social.framework; sourceTree = SDKROOT; };
		504DB7E919B317DE005D2993 /* TNAPIClient.h */ = {isa = PBXFileReference; fileEncoding = 4; lastKnownFileType = sourcecode.c.h; path = TNAPIClient.h; sourceTree = "<group>"; };
		504DB7EA19B317DE005D2993 /* TNAPIClient.m */ = {isa = PBXFileReference; fileEncoding = 4; lastKnownFileType = sourcecode.c.objc; path = TNAPIClient.m; sourceTree = "<group>"; };
		504DB7F619B31D1C005D2993 /* UIAlertView+Presets.h */ = {isa = PBXFileReference; fileEncoding = 4; lastKnownFileType = sourcecode.c.h; path = "UIAlertView+Presets.h"; sourceTree = "<group>"; };
		504DB7F719B31D1C005D2993 /* UIAlertView+Presets.m */ = {isa = PBXFileReference; fileEncoding = 4; lastKnownFileType = sourcecode.c.objc; path = "UIAlertView+Presets.m"; sourceTree = "<group>"; };
		504DB7FB19B3224C005D2993 /* JGProgressHUD+Presets.h */ = {isa = PBXFileReference; fileEncoding = 4; lastKnownFileType = sourcecode.c.h; path = "JGProgressHUD+Presets.h"; sourceTree = "<group>"; };
		504DB7FC19B3224C005D2993 /* JGProgressHUD+Presets.m */ = {isa = PBXFileReference; fileEncoding = 4; lastKnownFileType = sourcecode.c.objc; path = "JGProgressHUD+Presets.m"; sourceTree = "<group>"; };
		5054767219B3AFBD00602858 /* TNUser.h */ = {isa = PBXFileReference; fileEncoding = 4; lastKnownFileType = sourcecode.c.h; path = TNUser.h; sourceTree = "<group>"; };
		5054767319B3AFBD00602858 /* TNUser.m */ = {isa = PBXFileReference; fileEncoding = 4; lastKnownFileType = sourcecode.c.objc; path = TNUser.m; sourceTree = "<group>"; };
		5054767519B3B3EE00602858 /* TNTripsViewController.h */ = {isa = PBXFileReference; fileEncoding = 4; lastKnownFileType = sourcecode.c.h; path = TNTripsViewController.h; sourceTree = "<group>"; };
		5054767619B3B3EE00602858 /* TNTripsViewController.m */ = {isa = PBXFileReference; fileEncoding = 4; lastKnownFileType = sourcecode.c.objc; path = TNTripsViewController.m; sourceTree = "<group>"; };
		50C273EB19B1D43900C47EFA /* TNLogInViewController.h */ = {isa = PBXFileReference; fileEncoding = 4; lastKnownFileType = sourcecode.c.h; path = TNLogInViewController.h; sourceTree = "<group>"; };
		50C273EC19B1D43900C47EFA /* TNLogInViewController.m */ = {isa = PBXFileReference; fileEncoding = 4; lastKnownFileType = sourcecode.c.objc; path = TNLogInViewController.m; sourceTree = "<group>"; };
		50C273EE19B1D44000C47EFA /* TNWelcomeViewController.h */ = {isa = PBXFileReference; fileEncoding = 4; lastKnownFileType = sourcecode.c.h; path = TNWelcomeViewController.h; sourceTree = "<group>"; };
		50C273EF19B1D44000C47EFA /* TNWelcomeViewController.m */ = {isa = PBXFileReference; fileEncoding = 4; lastKnownFileType = sourcecode.c.objc; path = TNWelcomeViewController.m; sourceTree = "<group>"; };
		50C273F119B1D44900C47EFA /* TNSignUpViewController.h */ = {isa = PBXFileReference; fileEncoding = 4; lastKnownFileType = sourcecode.c.h; path = TNSignUpViewController.h; sourceTree = "<group>"; };
		50C273F219B1D44900C47EFA /* TNSignUpViewController.m */ = {isa = PBXFileReference; fileEncoding = 4; lastKnownFileType = sourcecode.c.objc; path = TNSignUpViewController.m; sourceTree = "<group>"; };
		50CAE85519B3F21F000BE31A /* TNFilterViewController.h */ = {isa = PBXFileReference; fileEncoding = 4; lastKnownFileType = sourcecode.c.h; path = TNFilterViewController.h; sourceTree = "<group>"; };
		50CAE85619B3F21F000BE31A /* TNFilterViewController.m */ = {isa = PBXFileReference; fileEncoding = 4; lastKnownFileType = sourcecode.c.objc; path = TNFilterViewController.m; sourceTree = "<group>"; };
		50CAE85819B3F453000BE31A /* TNTrip.h */ = {isa = PBXFileReference; fileEncoding = 4; lastKnownFileType = sourcecode.c.h; path = TNTrip.h; sourceTree = "<group>"; };
		50CAE85919B3F453000BE31A /* TNTrip.m */ = {isa = PBXFileReference; fileEncoding = 4; lastKnownFileType = sourcecode.c.objc; path = TNTrip.m; sourceTree = "<group>"; };
		7230D91EAC2648BEA27CC0B0 /* libPods.a */ = {isa = PBXFileReference; explicitFileType = archive.ar; includeInIndex = 0; path = libPods.a; sourceTree = BUILT_PRODUCTS_DIR; };
		F9214DB765D743038C5ADFAB /* Pods.xcconfig */ = {isa = PBXFileReference; includeInIndex = 1; lastKnownFileType = text.xcconfig; name = Pods.xcconfig; path = Pods/Pods.xcconfig; sourceTree = "<group>"; };
/* End PBXFileReference section */

/* Begin PBXFrameworksBuildPhase section */
		500C021B19B169EC0069DCFD /* Frameworks */ = {
			isa = PBXFrameworksBuildPhase;
			buildActionMask = 2147483647;
			files = (
				504DB7E719B3156D005D2993 /* Social.framework in Frameworks */,
				504DB7E519B3155D005D2993 /* SystemConfiguration.framework in Frameworks */,
				504DB7E319B31557005D2993 /* Security.framework in Frameworks */,
				504DB7E119B3154F005D2993 /* CFNetwork.framework in Frameworks */,
				504DB7DF19B31546005D2993 /* libc++.dylib in Frameworks */,
				504DB7DD19B3153F005D2993 /* libicucore.dylib in Frameworks */,
				504DB7D019B31313005D2993 /* Firebase.framework in Frameworks */,
				504DB7D219B31313005D2993 /* FirebaseSimpleLogin.framework in Frameworks */,
				500C022419B169EC0069DCFD /* CoreGraphics.framework in Frameworks */,
				500C022619B169EC0069DCFD /* UIKit.framework in Frameworks */,
				500C022219B169EC0069DCFD /* Foundation.framework in Frameworks */,
				992ABDFF4EFD47F8B45C9D7B /* libPods.a in Frameworks */,
			);
			runOnlyForDeploymentPostprocessing = 0;
		};
		500C023619B169ED0069DCFD /* Frameworks */ = {
			isa = PBXFrameworksBuildPhase;
			buildActionMask = 2147483647;
			files = (
				500C023B19B169ED0069DCFD /* XCTest.framework in Frameworks */,
				500C023D19B169ED0069DCFD /* UIKit.framework in Frameworks */,
				500C023C19B169ED0069DCFD /* Foundation.framework in Frameworks */,
				504DB7D119B31313005D2993 /* Firebase.framework in Frameworks */,
				504DB7D319B31313005D2993 /* FirebaseSimpleLogin.framework in Frameworks */,
			);
			runOnlyForDeploymentPostprocessing = 0;
		};
/* End PBXFrameworksBuildPhase section */

/* Begin PBXGroup section */
		500974A319B3BEC700422506 /* TableCells */ = {
			isa = PBXGroup;
			children = (
				500974A419B3BF0600422506 /* TNTripCell.h */,
				500974A519B3BF0600422506 /* TNTripCell.m */,
			);
			path = TableCells;
			sourceTree = "<group>";
		};
		500974A819B3C00500422506 /* NSDate */ = {
			isa = PBXGroup;
			children = (
				500974A919B3C01100422506 /* NSDate+Difference.h */,
				500974AA19B3C01100422506 /* NSDate+Difference.m */,
			);
			path = NSDate;
			sourceTree = "<group>";
		};
		500974B719B3DCF500422506 /* UILabel */ = {
			isa = PBXGroup;
			children = (
				500974B819B3DCF500422506 /* MHLabel.h */,
				500974B919B3DCF500422506 /* MHLabel.m */,
			);
			path = UILabel;
			sourceTree = "<group>";
		};
		500C021519B169EC0069DCFD = {
			isa = PBXGroup;
			children = (
				500C025019B1BEBB0069DCFD /* Resources */,
				500C022719B169EC0069DCFD /* TravelNow */,
				500C024019B169ED0069DCFD /* TravelNowTests */,
				500C027A19B1C0050069DCFD /* Lib */,
				500C022019B169EC0069DCFD /* Frameworks */,
				500C021F19B169EC0069DCFD /* Products */,
				F9214DB765D743038C5ADFAB /* Pods.xcconfig */,
			);
			sourceTree = "<group>";
		};
		500C021F19B169EC0069DCFD /* Products */ = {
			isa = PBXGroup;
			children = (
				500C021E19B169EC0069DCFD /* TravelNow.app */,
				500C023919B169ED0069DCFD /* TravelNowTests.xctest */,
			);
			name = Products;
			sourceTree = "<group>";
		};
		500C022019B169EC0069DCFD /* Frameworks */ = {
			isa = PBXGroup;
			children = (
				504DB7E619B3156D005D2993 /* Social.framework */,
				504DB7E419B3155D005D2993 /* SystemConfiguration.framework */,
				504DB7E219B31557005D2993 /* Security.framework */,
				504DB7E019B3154F005D2993 /* CFNetwork.framework */,
				504DB7DE19B31546005D2993 /* libc++.dylib */,
				504DB7DC19B3153F005D2993 /* libicucore.dylib */,
				500C022119B169EC0069DCFD /* Foundation.framework */,
				500C022319B169EC0069DCFD /* CoreGraphics.framework */,
				500C022519B169EC0069DCFD /* UIKit.framework */,
				500C023A19B169ED0069DCFD /* XCTest.framework */,
				7230D91EAC2648BEA27CC0B0 /* libPods.a */,
			);
			name = Frameworks;
			sourceTree = "<group>";
		};
		500C022719B169EC0069DCFD /* TravelNow */ = {
			isa = PBXGroup;
			children = (
				500C027119B1BF6F0069DCFD /* Controllers */,
				500C027219B1BF6F0069DCFD /* Model */,
				500C027319B1BF6F0069DCFD /* Support */,
				500C027419B1BF6F0069DCFD /* Views */,
				500C023019B169EC0069DCFD /* TNAppDelegate.h */,
				500C023119B169EC0069DCFD /* TNAppDelegate.m */,
				500C022F19B169EC0069DCFD /* TravelNow-Prefix.pch */,
				500C028019B1C04A0069DCFD /* main.m */,
				500C028319B1C0640069DCFD /* TNMacros.h */,
			);
			path = TravelNow;
			sourceTree = "<group>";
		};
		500C024019B169ED0069DCFD /* TravelNowTests */ = {
			isa = PBXGroup;
			children = (
				500C024619B169ED0069DCFD /* TravelNowTests.m */,
			);
			path = TravelNowTests;
			sourceTree = "<group>";
		};
		500C025019B1BEBB0069DCFD /* Resources */ = {
			isa = PBXGroup;
			children = (
				500C026819B1BF3A0069DCFD /* CoreData */,
				500C026419B1BF230069DCFD /* Storyboards */,
				500C025419B1BEC40069DCFD /* TravelNow */,
				500C025C19B1BECA0069DCFD /* TravelNowTests */,
				500C025119B1BEBB0069DCFD /* Images.xcassets */,
			);
			path = Resources;
			sourceTree = "<group>";
		};
		500C025419B1BEC40069DCFD /* TravelNow */ = {
			isa = PBXGroup;
			children = (
				500C025519B1BEC40069DCFD /* Plists */,
				500C025719B1BEC40069DCFD /* Strings */,
			);
			name = TravelNow;
			path = TravelNow/Resources;
			sourceTree = SOURCE_ROOT;
		};
		500C025519B1BEC40069DCFD /* Plists */ = {
			isa = PBXGroup;
			children = (
				500C025619B1BEC40069DCFD /* TravelNow-Info.plist */,
			);
			path = Plists;
			sourceTree = "<group>";
		};
		500C025719B1BEC40069DCFD /* Strings */ = {
			isa = PBXGroup;
			children = (
				500C025819B1BEC40069DCFD /* InfoPlist.strings */,
			);
			path = Strings;
			sourceTree = "<group>";
		};
		500C025C19B1BECA0069DCFD /* TravelNowTests */ = {
			isa = PBXGroup;
			children = (
				500C025D19B1BECA0069DCFD /* Plists */,
				500C025F19B1BECA0069DCFD /* Strings */,
			);
			name = TravelNowTests;
			path = TravelNowTests/Resources;
			sourceTree = SOURCE_ROOT;
		};
		500C025D19B1BECA0069DCFD /* Plists */ = {
			isa = PBXGroup;
			children = (
				500C025E19B1BECA0069DCFD /* TravelNowTests-Info.plist */,
			);
			path = Plists;
			sourceTree = "<group>";
		};
		500C025F19B1BECA0069DCFD /* Strings */ = {
			isa = PBXGroup;
			children = (
				500C026019B1BECA0069DCFD /* InfoPlist.strings */,
			);
			path = Strings;
			sourceTree = "<group>";
		};
		500C026419B1BF230069DCFD /* Storyboards */ = {
			isa = PBXGroup;
			children = (
				500C026519B1BF300069DCFD /* Main.storyboard */,
			);
			path = Storyboards;
			sourceTree = "<group>";
		};
		500C026819B1BF3A0069DCFD /* CoreData */ = {
			isa = PBXGroup;
			children = (
				500C026D19B1BF4E0069DCFD /* Main.xcdatamodeld */,
			);
			path = CoreData;
			sourceTree = "<group>";
		};
		500C027119B1BF6F0069DCFD /* Controllers */ = {
			isa = PBXGroup;
			children = (
				50C273EE19B1D44000C47EFA /* TNWelcomeViewController.h */,
				50C273EF19B1D44000C47EFA /* TNWelcomeViewController.m */,
				50C273EB19B1D43900C47EFA /* TNLogInViewController.h */,
				50C273EC19B1D43900C47EFA /* TNLogInViewController.m */,
				50C273F119B1D44900C47EFA /* TNSignUpViewController.h */,
				50C273F219B1D44900C47EFA /* TNSignUpViewController.m */,
				5054767519B3B3EE00602858 /* TNTripsViewController.h */,
				5054767619B3B3EE00602858 /* TNTripsViewController.m */,
				500974AD19B3C47900422506 /* TNTripViewController.h */,
				500974AE19B3C47900422506 /* TNTripViewController.m */,
				500974B119B3D21800422506 /* TNDateViewController.h */,
				500974B219B3D21800422506 /* TNDateViewController.m */,
				500974B419B3D67B00422506 /* TNNoteViewController.h */,
				500974B519B3D67B00422506 /* TNNoteViewController.m */,
				50CAE85519B3F21F000BE31A /* TNFilterViewController.h */,
				50CAE85619B3F21F000BE31A /* TNFilterViewController.m */,
			);
			path = Controllers;
			sourceTree = "<group>";
		};
		500C027219B1BF6F0069DCFD /* Model */ = {
			isa = PBXGroup;
			children = (
				500C027919B1BFCE0069DCFD /* CoreData */,
				504DB7E919B317DE005D2993 /* TNAPIClient.h */,
				504DB7EA19B317DE005D2993 /* TNAPIClient.m */,
			);
			path = Model;
			sourceTree = "<group>";
		};
		500C027319B1BF6F0069DCFD /* Support */ = {
			isa = PBXGroup;
			children = (
				500974A819B3C00500422506 /* NSDate */,
				504DB7FA19B3223F005D2993 /* JGProgressHUD */,
				504DB7F519B31D1C005D2993 /* UIAlertView */,
				504DB7D719B31489005D2993 /* NSString */,
			);
			path = Support;
			sourceTree = "<group>";
		};
		500C027419B1BF6F0069DCFD /* Views */ = {
			isa = PBXGroup;
			children = (
				500974A319B3BEC700422506 /* TableCells */,
			);
			path = Views;
			sourceTree = "<group>";
		};
		500C027919B1BFCE0069DCFD /* CoreData */ = {
			isa = PBXGroup;
			children = (
				5054767219B3AFBD00602858 /* TNUser.h */,
				5054767319B3AFBD00602858 /* TNUser.m */,
				50CAE85819B3F453000BE31A /* TNTrip.h */,
				50CAE85919B3F453000BE31A /* TNTrip.m */,
			);
			path = CoreData;
			sourceTree = "<group>";
		};
		500C027A19B1C0050069DCFD /* Lib */ = {
			isa = PBXGroup;
			children = (
				504DB7CE19B31313005D2993 /* Firebase.framework */,
				504DB7CF19B31313005D2993 /* FirebaseSimpleLogin.framework */,
				500974B719B3DCF500422506 /* UILabel */,
				500C027B19B1C0050069DCFD /* CocoaLumberjack */,
			);
			path = Lib;
			sourceTree = "<group>";
		};
		500C027B19B1C0050069DCFD /* CocoaLumberjack */ = {
			isa = PBXGroup;
			children = (
				500C027C19B1C0050069DCFD /* MHLog.h */,
				500C027D19B1C0050069DCFD /* MHLog.m */,
			);
			path = CocoaLumberjack;
			sourceTree = "<group>";
		};
		504DB7D719B31489005D2993 /* NSString */ = {
			isa = PBXGroup;
			children = (
				504DB7D819B31489005D2993 /* NSString+Password.h */,
				504DB7D919B31489005D2993 /* NSString+Password.m */,
			);
			path = NSString;
			sourceTree = "<group>";
		};
		504DB7F519B31D1C005D2993 /* UIAlertView */ = {
			isa = PBXGroup;
			children = (
				504DB7F619B31D1C005D2993 /* UIAlertView+Presets.h */,
				504DB7F719B31D1C005D2993 /* UIAlertView+Presets.m */,
			);
			path = UIAlertView;
			sourceTree = "<group>";
		};
		504DB7FA19B3223F005D2993 /* JGProgressHUD */ = {
			isa = PBXGroup;
			children = (
				504DB7FB19B3224C005D2993 /* JGProgressHUD+Presets.h */,
				504DB7FC19B3224C005D2993 /* JGProgressHUD+Presets.m */,
			);
			path = JGProgressHUD;
			sourceTree = "<group>";
		};
/* End PBXGroup section */

/* Begin PBXNativeTarget section */
		500C021D19B169EC0069DCFD /* TravelNow */ = {
			isa = PBXNativeTarget;
			buildConfigurationList = 500C024A19B169ED0069DCFD /* Build configuration list for PBXNativeTarget "TravelNow" */;
			buildPhases = (
				9BCD52AFF3724A749EE1836E /* Check Pods Manifest.lock */,
				500C021A19B169EC0069DCFD /* Sources */,
				500C021B19B169EC0069DCFD /* Frameworks */,
				500C021C19B169EC0069DCFD /* Resources */,
				54E6FAE46C944D2E91714D64 /* Copy Pods Resources */,
			);
			buildRules = (
			);
			dependencies = (
			);
			name = TravelNow;
			productName = TravelNow;
			productReference = 500C021E19B169EC0069DCFD /* TravelNow.app */;
			productType = "com.apple.product-type.application";
		};
		500C023819B169ED0069DCFD /* TravelNowTests */ = {
			isa = PBXNativeTarget;
			buildConfigurationList = 500C024D19B169ED0069DCFD /* Build configuration list for PBXNativeTarget "TravelNowTests" */;
			buildPhases = (
				500C023519B169ED0069DCFD /* Sources */,
				500C023619B169ED0069DCFD /* Frameworks */,
				500C023719B169ED0069DCFD /* Resources */,
			);
			buildRules = (
			);
			dependencies = (
				500C023F19B169ED0069DCFD /* PBXTargetDependency */,
			);
			name = TravelNowTests;
			productName = TravelNowTests;
			productReference = 500C023919B169ED0069DCFD /* TravelNowTests.xctest */;
			productType = "com.apple.product-type.bundle.unit-test";
		};
/* End PBXNativeTarget section */

/* Begin PBXProject section */
		500C021619B169EC0069DCFD /* Project object */ = {
			isa = PBXProject;
			attributes = {
				CLASSPREFIX = TN;
				LastUpgradeCheck = 0510;
				ORGANIZATIONNAME = "Maksym Huk";
				TargetAttributes = {
					500C021D19B169EC0069DCFD = {
						DevelopmentTeam = 3D9JCD8WT9;
					};
					500C023819B169ED0069DCFD = {
						TestTargetID = 500C021D19B169EC0069DCFD;
					};
				};
			};
			buildConfigurationList = 500C021919B169EC0069DCFD /* Build configuration list for PBXProject "TravelNow" */;
			compatibilityVersion = "Xcode 3.2";
			developmentRegion = English;
			hasScannedForEncodings = 0;
			knownRegions = (
				en,
			);
			mainGroup = 500C021519B169EC0069DCFD;
			productRefGroup = 500C021F19B169EC0069DCFD /* Products */;
			projectDirPath = "";
			projectRoot = "";
			targets = (
				500C021D19B169EC0069DCFD /* TravelNow */,
				500C023819B169ED0069DCFD /* TravelNowTests */,
			);
		};
/* End PBXProject section */

/* Begin PBXResourcesBuildPhase section */
		500C021C19B169EC0069DCFD /* Resources */ = {
			isa = PBXResourcesBuildPhase;
			buildActionMask = 2147483647;
			files = (
				500C026619B1BF300069DCFD /* Main.storyboard in Resources */,
				500C025219B1BEBB0069DCFD /* Images.xcassets in Resources */,
				500C025B19B1BEC40069DCFD /* InfoPlist.strings in Resources */,
			);
			runOnlyForDeploymentPostprocessing = 0;
		};
		500C023719B169ED0069DCFD /* Resources */ = {
			isa = PBXResourcesBuildPhase;
			buildActionMask = 2147483647;
			files = (
				500C026719B1BF300069DCFD /* Main.storyboard in Resources */,
				500C025319B1BEBB0069DCFD /* Images.xcassets in Resources */,
				500C026319B1BECA0069DCFD /* InfoPlist.strings in Resources */,
			);
			runOnlyForDeploymentPostprocessing = 0;
		};
/* End PBXResourcesBuildPhase section */

/* Begin PBXShellScriptBuildPhase section */
		54E6FAE46C944D2E91714D64 /* Copy Pods Resources */ = {
			isa = PBXShellScriptBuildPhase;
			buildActionMask = 2147483647;
			files = (
			);
			inputPaths = (
			);
			name = "Copy Pods Resources";
			outputPaths = (
			);
			runOnlyForDeploymentPostprocessing = 0;
			shellPath = /bin/sh;
			shellScript = "\"${SRCROOT}/Pods/Pods-resources.sh\"\n";
			showEnvVarsInLog = 0;
		};
		9BCD52AFF3724A749EE1836E /* Check Pods Manifest.lock */ = {
			isa = PBXShellScriptBuildPhase;
			buildActionMask = 2147483647;
			files = (
			);
			inputPaths = (
			);
			name = "Check Pods Manifest.lock";
			outputPaths = (
			);
			runOnlyForDeploymentPostprocessing = 0;
			shellPath = /bin/sh;
			shellScript = "diff \"${PODS_ROOT}/../Podfile.lock\" \"${PODS_ROOT}/Manifest.lock\" > /dev/null\nif [[ $? != 0 ]] ; then\n    cat << EOM\nerror: The sandbox is not in sync with the Podfile.lock. Run 'pod install' or update your CocoaPods installation.\nEOM\n    exit 1\nfi\n";
			showEnvVarsInLog = 0;
		};
/* End PBXShellScriptBuildPhase section */

/* Begin PBXSourcesBuildPhase section */
		500C021A19B169EC0069DCFD /* Sources */ = {
			isa = PBXSourcesBuildPhase;
			buildActionMask = 2147483647;
			files = (
				504DB7DA19B31489005D2993 /* NSString+Password.m in Sources */,
				50CAE85A19B3F453000BE31A /* TNTrip.m in Sources */,
				500C027E19B1C0050069DCFD /* MHLog.m in Sources */,
				500C026F19B1BF4E0069DCFD /* Main.xcdatamodeld in Sources */,
				500974AB19B3C01100422506 /* NSDate+Difference.m in Sources */,
				50CAE85719B3F21F000BE31A /* TNFilterViewController.m in Sources */,
				504DB7F819B31D1C005D2993 /* UIAlertView+Presets.m in Sources */,
				500974AF19B3C47900422506 /* TNTripViewController.m in Sources */,
				5054767419B3AFBD00602858 /* TNUser.m in Sources */,
				50C273F319B1D44900C47EFA /* TNSignUpViewController.m in Sources */,
				500C023219B169EC0069DCFD /* TNAppDelegate.m in Sources */,
				500974A619B3BF0600422506 /* TNTripCell.m in Sources */,
				504DB7EB19B317DE005D2993 /* TNAPIClient.m in Sources */,
				500974B319B3D21800422506 /* TNDateViewController.m in Sources */,
				5054767719B3B3EE00602858 /* TNTripsViewController.m in Sources */,
				50C273ED19B1D43900C47EFA /* TNLogInViewController.m in Sources */,
				504DB7FD19B3224C005D2993 /* JGProgressHUD+Presets.m in Sources */,
				500C028119B1C04A0069DCFD /* main.m in Sources */,
				500974BA19B3DCF500422506 /* MHLabel.m in Sources */,
				500974B619B3D67B00422506 /* TNNoteViewController.m in Sources */,
				50C273F019B1D44000C47EFA /* TNWelcomeViewController.m in Sources */,
			);
			runOnlyForDeploymentPostprocessing = 0;
		};
		500C023519B169ED0069DCFD /* Sources */ = {
			isa = PBXSourcesBuildPhase;
			buildActionMask = 2147483647;
			files = (
				504DB7F919B31D1C005D2993 /* UIAlertView+Presets.m in Sources */,
				500974B019B3C47900422506 /* TNTripViewController.m in Sources */,
				500C028219B1C04A0069DCFD /* main.m in Sources */,
				504DB7FE19B3224C005D2993 /* JGProgressHUD+Presets.m in Sources */,
				504DB7EC19B317DE005D2993 /* TNAPIClient.m in Sources */,
				500C027019B1BF4E0069DCFD /* Main.xcdatamodeld in Sources */,
				504DB7DB19B31489005D2993 /* NSString+Password.m in Sources */,
				500974BB19B3DCF500422506 /* MHLabel.m in Sources */,
				500974AC19B3C01100422506 /* NSDate+Difference.m in Sources */,
				500C027F19B1C0050069DCFD /* MHLog.m in Sources */,
				500974A719B3BF0600422506 /* TNTripCell.m in Sources */,
				500C024719B169ED0069DCFD /* TravelNowTests.m in Sources */,
			);
			runOnlyForDeploymentPostprocessing = 0;
		};
/* End PBXSourcesBuildPhase section */

/* Begin PBXTargetDependency section */
		500C023F19B169ED0069DCFD /* PBXTargetDependency */ = {
			isa = PBXTargetDependency;
			target = 500C021D19B169EC0069DCFD /* TravelNow */;
			targetProxy = 500C023E19B169ED0069DCFD /* PBXContainerItemProxy */;
		};
/* End PBXTargetDependency section */

/* Begin PBXVariantGroup section */
		500C025819B1BEC40069DCFD /* InfoPlist.strings */ = {
			isa = PBXVariantGroup;
			children = (
				500C025919B1BEC40069DCFD /* en */,
			);
			name = InfoPlist.strings;
			sourceTree = "<group>";
		};
		500C026019B1BECA0069DCFD /* InfoPlist.strings */ = {
			isa = PBXVariantGroup;
			children = (
				500C026119B1BECA0069DCFD /* en */,
			);
			name = InfoPlist.strings;
			sourceTree = "<group>";
		};
/* End PBXVariantGroup section */

/* Begin XCBuildConfiguration section */
		500C024819B169ED0069DCFD /* Debug */ = {
			isa = XCBuildConfiguration;
			buildSettings = {
				ALWAYS_SEARCH_USER_PATHS = NO;
				CLANG_CXX_LANGUAGE_STANDARD = "gnu++0x";
				CLANG_CXX_LIBRARY = "libc++";
				CLANG_ENABLE_MODULES = YES;
				CLANG_ENABLE_OBJC_ARC = YES;
				CLANG_WARN_BOOL_CONVERSION = YES;
				CLANG_WARN_CONSTANT_CONVERSION = YES;
				CLANG_WARN_DIRECT_OBJC_ISA_USAGE = YES_ERROR;
				CLANG_WARN_EMPTY_BODY = YES;
				CLANG_WARN_ENUM_CONVERSION = YES;
				CLANG_WARN_INT_CONVERSION = YES;
				CLANG_WARN_OBJC_ROOT_CLASS = YES_ERROR;
				CLANG_WARN__DUPLICATE_METHOD_MATCH = YES;
				"CODE_SIGN_IDENTITY[sdk=iphoneos*]" = "iPhone Developer";
				COPY_PHASE_STRIP = NO;
				GCC_C_LANGUAGE_STANDARD = gnu99;
				GCC_DYNAMIC_NO_PIC = NO;
				GCC_OPTIMIZATION_LEVEL = 0;
				GCC_PREPROCESSOR_DEFINITIONS = (
					"DEBUG=1",
					"$(inherited)",
					"QA=1",
					"MR_ENABLE_ACTIVE_RECORD_LOGGING=0",
				);
				GCC_SYMBOLS_PRIVATE_EXTERN = NO;
				GCC_WARN_64_TO_32_BIT_CONVERSION = YES;
				GCC_WARN_ABOUT_RETURN_TYPE = YES_ERROR;
				GCC_WARN_UNDECLARED_SELECTOR = YES;
				GCC_WARN_UNINITIALIZED_AUTOS = YES_AGGRESSIVE;
				GCC_WARN_UNUSED_FUNCTION = YES;
				GCC_WARN_UNUSED_VARIABLE = YES;
				IPHONEOS_DEPLOYMENT_TARGET = 7.1;
				ONLY_ACTIVE_ARCH = YES;
				SDKROOT = iphoneos;
			};
			name = Debug;
		};
		500C024919B169ED0069DCFD /* Release */ = {
			isa = XCBuildConfiguration;
			buildSettings = {
				ALWAYS_SEARCH_USER_PATHS = NO;
				CLANG_CXX_LANGUAGE_STANDARD = "gnu++0x";
				CLANG_CXX_LIBRARY = "libc++";
				CLANG_ENABLE_MODULES = YES;
				CLANG_ENABLE_OBJC_ARC = YES;
				CLANG_WARN_BOOL_CONVERSION = YES;
				CLANG_WARN_CONSTANT_CONVERSION = YES;
				CLANG_WARN_DIRECT_OBJC_ISA_USAGE = YES_ERROR;
				CLANG_WARN_EMPTY_BODY = YES;
				CLANG_WARN_ENUM_CONVERSION = YES;
				CLANG_WARN_INT_CONVERSION = YES;
				CLANG_WARN_OBJC_ROOT_CLASS = YES_ERROR;
				CLANG_WARN__DUPLICATE_METHOD_MATCH = YES;
				"CODE_SIGN_IDENTITY[sdk=iphoneos*]" = "iPhone Developer";
				COPY_PHASE_STRIP = YES;
				ENABLE_NS_ASSERTIONS = NO;
				GCC_C_LANGUAGE_STANDARD = gnu99;
				GCC_PREPROCESSOR_DEFINITIONS = (
					"QA=0",
					"MR_ENABLE_ACTIVE_RECORD_LOGGING=0",
				);
				GCC_WARN_64_TO_32_BIT_CONVERSION = YES;
				GCC_WARN_ABOUT_RETURN_TYPE = YES_ERROR;
				GCC_WARN_UNDECLARED_SELECTOR = YES;
				GCC_WARN_UNINITIALIZED_AUTOS = YES_AGGRESSIVE;
				GCC_WARN_UNUSED_FUNCTION = YES;
				GCC_WARN_UNUSED_VARIABLE = YES;
				IPHONEOS_DEPLOYMENT_TARGET = 7.1;
				SDKROOT = iphoneos;
				VALIDATE_PRODUCT = YES;
			};
			name = Release;
		};
		500C024B19B169ED0069DCFD /* Debug */ = {
			isa = XCBuildConfiguration;
			baseConfigurationReference = F9214DB765D743038C5ADFAB /* Pods.xcconfig */;
			buildSettings = {
				ASSETCATALOG_COMPILER_APPICON_NAME = AppIcon;
				ASSETCATALOG_COMPILER_LAUNCHIMAGE_NAME = LaunchImage;
				CODE_SIGN_IDENTITY = "iPhone Developer";
				FRAMEWORK_SEARCH_PATHS = (
					"$(inherited)",
					"$(PROJECT_DIR)/Lib",
				);
				GCC_PRECOMPILE_PREFIX_HEADER = YES;
				GCC_PREFIX_HEADER = "TravelNow/TravelNow-Prefix.pch";
				INFOPLIST_FILE = "TravelNow/Resources/Plists/TravelNow-Info.plist";
				PRODUCT_NAME = "$(TARGET_NAME)";
				WRAPPER_EXTENSION = app;
			};
			name = Debug;
		};
		500C024C19B169ED0069DCFD /* Release */ = {
			isa = XCBuildConfiguration;
			baseConfigurationReference = F9214DB765D743038C5ADFAB /* Pods.xcconfig */;
			buildSettings = {
				ASSETCATALOG_COMPILER_APPICON_NAME = AppIcon;
				ASSETCATALOG_COMPILER_LAUNCHIMAGE_NAME = LaunchImage;
				CODE_SIGN_IDENTITY = "iPhone Developer";
				FRAMEWORK_SEARCH_PATHS = (
					"$(inherited)",
					"$(PROJECT_DIR)/Lib",
				);
				GCC_PRECOMPILE_PREFIX_HEADER = YES;
				GCC_PREFIX_HEADER = "TravelNow/TravelNow-Prefix.pch";
				INFOPLIST_FILE = "TravelNow/Resources/Plists/TravelNow-Info.plist";
				PRODUCT_NAME = "$(TARGET_NAME)";
				WRAPPER_EXTENSION = app;
			};
			name = Release;
		};
		500C024E19B169ED0069DCFD /* Debug */ = {
			isa = XCBuildConfiguration;
			buildSettings = {
				BUNDLE_LOADER = "$(BUILT_PRODUCTS_DIR)/TravelNow.app/TravelNow";
				FRAMEWORK_SEARCH_PATHS = (
					"$(SDKROOT)/Developer/Library/Frameworks",
					"$(inherited)",
					"$(DEVELOPER_FRAMEWORKS_DIR)",
					"$(PROJECT_DIR)/Lib",
				);
				GCC_PRECOMPILE_PREFIX_HEADER = YES;
				GCC_PREFIX_HEADER = "TravelNow/TravelNow-Prefix.pch";
				GCC_PREPROCESSOR_DEFINITIONS = (
					"DEBUG=1",
					"$(inherited)",
				);
				INFOPLIST_FILE = "TravelNowTests/Resources/Plists/TravelNowTests-Info.plist";
				PRODUCT_NAME = "$(TARGET_NAME)";
				TEST_HOST = "$(BUNDLE_LOADER)";
				WRAPPER_EXTENSION = xctest;
			};
			name = Debug;
		};
		500C024F19B169ED0069DCFD /* Release */ = {
			isa = XCBuildConfiguration;
			buildSettings = {
				BUNDLE_LOADER = "$(BUILT_PRODUCTS_DIR)/TravelNow.app/TravelNow";
				FRAMEWORK_SEARCH_PATHS = (
					"$(SDKROOT)/Developer/Library/Frameworks",
					"$(inherited)",
					"$(DEVELOPER_FRAMEWORKS_DIR)",
					"$(PROJECT_DIR)/Lib",
				);
				GCC_PRECOMPILE_PREFIX_HEADER = YES;
				GCC_PREFIX_HEADER = "TravelNow/TravelNow-Prefix.pch";
				INFOPLIST_FILE = "TravelNowTests/Resources/Plists/TravelNowTests-Info.plist";
				PRODUCT_NAME = "$(TARGET_NAME)";
				TEST_HOST = "$(BUNDLE_LOADER)";
				WRAPPER_EXTENSION = xctest;
			};
			name = Release;
		};
/* End XCBuildConfiguration section */

/* Begin XCConfigurationList section */
		500C021919B169EC0069DCFD /* Build configuration list for PBXProject "TravelNow" */ = {
			isa = XCConfigurationList;
			buildConfigurations = (
				500C024819B169ED0069DCFD /* Debug */,
				500C024919B169ED0069DCFD /* Release */,
			);
			defaultConfigurationIsVisible = 0;
			defaultConfigurationName = Release;
		};
		500C024A19B169ED0069DCFD /* Build configuration list for PBXNativeTarget "TravelNow" */ = {
			isa = XCConfigurationList;
			buildConfigurations = (
				500C024B19B169ED0069DCFD /* Debug */,
				500C024C19B169ED0069DCFD /* Release */,
			);
			defaultConfigurationIsVisible = 0;
			defaultConfigurationName = Release;
		};
		500C024D19B169ED0069DCFD /* Build configuration list for PBXNativeTarget "TravelNowTests" */ = {
			isa = XCConfigurationList;
			buildConfigurations = (
				500C024E19B169ED0069DCFD /* Debug */,
				500C024F19B169ED0069DCFD /* Release */,
			);
			defaultConfigurationIsVisible = 0;
			defaultConfigurationName = Release;
		};
/* End XCConfigurationList section */

/* Begin XCVersionGroup section */
		500C026D19B1BF4E0069DCFD /* Main.xcdatamodeld */ = {
			isa = XCVersionGroup;
			children = (
				500C026E19B1BF4E0069DCFD /* Main.xcdatamodel */,
			);
			currentVersion = 500C026E19B1BF4E0069DCFD /* Main.xcdatamodel */;
			path = Main.xcdatamodeld;
			sourceTree = "<group>";
			versionGroupType = wrapper.xcdatamodel;
		};
/* End XCVersionGroup section */
	};
	rootObject = 500C021619B169EC0069DCFD /* Project object */;
}
